
Microsoft Visual Studio Solution File, Format Version 12.00
# Visual Studio Version 17
VisualStudioVersion = 17.12.35527.113 d17.12
MinimumVisualStudioVersion = 10.0.40219.1
Project("{FAE04EC0-301F-11D3-BF4B-00C04F79EFBC}") = "Ecommerce-01", "Ecommerce-01\Ecommerce-01.csproj", "{ECDF970E-882B-43B8-9D2F-A76125CB0B7E}"
EndProject
Project("{2150E333-8FDC-42A3-9474-1A3956D46DE8}") = "Core", "Core", "{89644C9D-17EC-4E4A-BE9F-6512C4FF3759}"
EndProject
Project("{FAE04EC0-301F-11D3-BF4B-00C04F79EFBC}") = "Domain", "Core\Domain\Domain.csproj", "{F18E6BA0-DFD0-40C9-A746-CE96D57078EE}"
EndProject
Project("{FAE04EC0-301F-11D3-BF4B-00C04F79EFBC}") = "Services", "Core\Service\Services.csproj", "{B175C6F3-4DB4-4A84-A93F-F3BBA4F9B916}"
EndProject
Project("{FAE04EC0-301F-11D3-BF4B-00C04F79EFBC}") = "Services.Abstraction", "Core\Service.Abstraction\Services.Abstraction.csproj", "{972F884A-AEB3-44CE-9492-D8BD52B9C816}"
EndProject
Project("{2150E333-8FDC-42A3-9474-1A3956D46DE8}") = "Infrastructure", "Infrastructure", "{84926B79-3321-48B3-A97D-53D2F34DA470}"
EndProject
Project("{FAE04EC0-301F-11D3-BF4B-00C04F79EFBC}") = "Persistance", "Infrastructure\Persistance\Persistance.csproj", "{15F638D3-89F8-4E12-962E-9090F59AFA69}"
EndProject
Project("{FAE04EC0-301F-11D3-BF4B-00C04F79EFBC}") = "Presentation", "Presentation\Presentation\Presentation.csproj", "{B6419CF8-8B01-4B2C-9201-402B4A360CF8}"
EndProject
Project("{FAE04EC0-301F-11D3-BF4B-00C04F79EFBC}") = "Shared", "Shared\Shared.csproj", "{EC298522-5365-4AF1-B1D7-27A0A35FF728}"
EndProject
Global
	GlobalSection(SolutionConfigurationPlatforms) = preSolution
		Debug|Any CPU = Debug|Any CPU
		Release|Any CPU = Release|Any CPU
	EndGlobalSection
	GlobalSection(ProjectConfigurationPlatforms) = postSolution
		{ECDF970E-882B-43B8-9D2F-A76125CB0B7E}.Debug|Any CPU.ActiveCfg = Debug|Any CPU
		{ECDF970E-882B-43B8-9D2F-A76125CB0B7E}.Debug|Any CPU.Build.0 = Debug|Any CPU
		{ECDF970E-882B-43B8-9D2F-A76125CB0B7E}.Release|Any CPU.ActiveCfg = Release|Any CPU
		{ECDF970E-882B-43B8-9D2F-A76125CB0B7E}.Release|Any CPU.Build.0 = Release|Any CPU
		{F18E6BA0-DFD0-40C9-A746-CE96D57078EE}.Debug|Any CPU.ActiveCfg = Debug|Any CPU
		{F18E6BA0-DFD0-40C9-A746-CE96D57078EE}.Debug|Any CPU.Build.0 = Debug|Any CPU
		{F18E6BA0-DFD0-40C9-A746-CE96D57078EE}.Release|Any CPU.ActiveCfg = Release|Any CPU
		{F18E6BA0-DFD0-40C9-A746-CE96D57078EE}.Release|Any CPU.Build.0 = Release|Any CPU
		{B175C6F3-4DB4-4A84-A93F-F3BBA4F9B916}.Debug|Any CPU.ActiveCfg = Debug|Any CPU
		{B175C6F3-4DB4-4A84-A93F-F3BBA4F9B916}.Debug|Any CPU.Build.0 = Debug|Any CPU
		{B175C6F3-4DB4-4A84-A93F-F3BBA4F9B916}.Release|Any CPU.ActiveCfg = Release|Any CPU
		{B175C6F3-4DB4-4A84-A93F-F3BBA4F9B916}.Release|Any CPU.Build.0 = Release|Any CPU
		{972F884A-AEB3-44CE-9492-D8BD52B9C816}.Debug|Any CPU.ActiveCfg = Debug|Any CPU
		{972F884A-AEB3-44CE-9492-D8BD52B9C816}.Debug|Any CPU.Build.0 = Debug|Any CPU
		{972F884A-AEB3-44CE-9492-D8BD52B9C816}.Release|Any CPU.ActiveCfg = Release|Any CPU
		{972F884A-AEB3-44CE-9492-D8BD52B9C816}.Release|Any CPU.Build.0 = Release|Any CPU
		{15F638D3-89F8-4E12-962E-9090F59AFA69}.Debug|Any CPU.ActiveCfg = Debug|Any CPU
		{15F638D3-89F8-4E12-962E-9090F59AFA69}.Debug|Any CPU.Build.0 = Debug|Any CPU
		{15F638D3-89F8-4E12-962E-9090F59AFA69}.Release|Any CPU.ActiveCfg = Release|Any CPU
		{15F638D3-89F8-4E12-962E-9090F59AFA69}.Release|Any CPU.Build.0 = Release|Any CPU
		{B6419CF8-8B01-4B2C-9201-402B4A360CF8}.Debug|Any CPU.ActiveCfg = Debug|Any CPU
		{B6419CF8-8B01-4B2C-9201-402B4A360CF8}.Debug|Any CPU.Build.0 = Debug|Any CPU
		{B6419CF8-8B01-4B2C-9201-402B4A360CF8}.Release|Any CPU.ActiveCfg = Release|Any CPU
		{B6419CF8-8B01-4B2C-9201-402B4A360CF8}.Release|Any CPU.Build.0 = Release|Any CPU
		{EC298522-5365-4AF1-B1D7-27A0A35FF728}.Debug|Any CPU.ActiveCfg = Debug|Any CPU
		{EC298522-5365-4AF1-B1D7-27A0A35FF728}.Debug|Any CPU.Build.0 = Debug|Any CPU
		{EC298522-5365-4AF1-B1D7-27A0A35FF728}.Release|Any CPU.ActiveCfg = Release|Any CPU
		{EC298522-5365-4AF1-B1D7-27A0A35FF728}.Release|Any CPU.Build.0 = Release|Any CPU
	EndGlobalSection
	GlobalSection(SolutionProperties) = preSolution
		HideSolutionNode = FALSE
	EndGlobalSection
	GlobalSection(NestedProjects) = preSolution
		{F18E6BA0-DFD0-40C9-A746-CE96D57078EE} = {89644C9D-17EC-4E4A-BE9F-6512C4FF3759}
		{B175C6F3-4DB4-4A84-A93F-F3BBA4F9B916} = {89644C9D-17EC-4E4A-BE9F-6512C4FF3759}
		{972F884A-AEB3-44CE-9492-D8BD52B9C816} = {89644C9D-17EC-4E4A-BE9F-6512C4FF3759}
		{15F638D3-89F8-4E12-962E-9090F59AFA69} = {84926B79-3321-48B3-A97D-53D2F34DA470}
		{B6419CF8-8B01-4B2C-9201-402B4A360CF8} = {84926B79-3321-48B3-A97D-53D2F34DA470}
	EndGlobalSection
EndGlobal
